
Microsoft Visual Studio Solution File, Format Version 12.00
# Visual Studio Version 17
VisualStudioVersion = 17.3.32811.315
MinimumVisualStudioVersion = 10.0.40219.1
Project("{9A19103F-16F7-4668-BE54-9A1E7A4F7556}") = "FindJobs.DataAccess", "FindJobs.DataAccess\FindJobs.DataAccess.csproj", "{136F2781-E02D-4FA9-825D-B182CE04E4F4}"
EndProject
Project("{9A19103F-16F7-4668-BE54-9A1E7A4F7556}") = "FindJobs.Web", "FindJobs.Web\FindJobs.Web.csproj", "{B60C8736-889D-41AD-9D51-2E357835F8C9}"
EndProject
Project("{9A19103F-16F7-4668-BE54-9A1E7A4F7556}") = "FindJobs.WebApi", "FindJobs.WebApi\FindJobs.WebApi.csproj", "{1CBF3876-CD7B-4F9D-B43F-D1E5F1B783DE}"
EndProject
Project("{9A19103F-16F7-4668-BE54-9A1E7A4F7556}") = "FindJobs.Infrastructure", "FindJobs.Infrastructure\FindJobs.Infrastructure.csproj", "{C675D0E0-A7F1-48F9-B8F3-755357188664}"
EndProject
Project("{9A19103F-16F7-4668-BE54-9A1E7A4F7556}") = "FindJobs.Configuration", "FindJobs.Configuration\FindJobs.Configuration.csproj", "{1D3F7AB9-DD9F-402B-8566-2474C1C74E1E}"
EndProject
Project("{9A19103F-16F7-4668-BE54-9A1E7A4F7556}") = "FindJobs.Resources", "FindJobs.Resources\FindJobs.Resources.csproj", "{0F40ADB7-3C07-4B8A-97FF-01E5860BC66E}"
EndProject
Project("{9A19103F-16F7-4668-BE54-9A1E7A4F7556}") = "FindJobs.Domain", "FindJobs.Domain\FindJobs.Domain.csproj", "{0E021AD7-68C3-485A-B2FC-2DD6067B89C5}"
EndProject
Project("{FAE04EC0-301F-11D3-BF4B-00C04F79EFBC}") = "FindJobs.App.Android", "FindJobs.App.Android\FindJobs.App.Android.csproj", "{4D716C3E-E3B6-4B85-817D-1C55566B794C}"
EndProject
Project("{FAE04EC0-301F-11D3-BF4B-00C04F79EFBC}") = "FindJobs.App.iOS", "FindJobs.App.iOS\FindJobs.App.iOS.csproj", "{01E32407-D7C2-4D68-9249-3DB403182208}"
EndProject
Project("{9A19103F-16F7-4668-BE54-9A1E7A4F7556}") = "FindJobs.App", "FindJobs.App\FindJobs.App.csproj", "{146FF235-4CA3-4712-BBE3-87B2203E2DB8}"
EndProject
Project("{9A19103F-16F7-4668-BE54-9A1E7A4F7556}") = "DotNek.WebComponents", "DotNek.WebComponents\DotNek.WebComponents.csproj", "{1585E7D9-5855-4BEB-9A6E-FA3C09780341}"
EndProject
Global
	GlobalSection(SolutionConfigurationPlatforms) = preSolution
		Debug|Any CPU = Debug|Any CPU
		Debug|ARM = Debug|ARM
		Debug|iPhone = Debug|iPhone
		Debug|iPhoneSimulator = Debug|iPhoneSimulator
		Debug|x64 = Debug|x64
		Debug|x86 = Debug|x86
		Release|Any CPU = Release|Any CPU
		Release|ARM = Release|ARM
		Release|iPhone = Release|iPhone
		Release|iPhoneSimulator = Release|iPhoneSimulator
		Release|x64 = Release|x64
		Release|x86 = Release|x86
	EndGlobalSection
	GlobalSection(ProjectConfigurationPlatforms) = postSolution
		{136F2781-E02D-4FA9-825D-B182CE04E4F4}.Debug|Any CPU.ActiveCfg = Debug|Any CPU
		{136F2781-E02D-4FA9-825D-B182CE04E4F4}.Debug|Any CPU.Build.0 = Debug|Any CPU
		{136F2781-E02D-4FA9-825D-B182CE04E4F4}.Debug|ARM.ActiveCfg = Debug|Any CPU
		{136F2781-E02D-4FA9-825D-B182CE04E4F4}.Debug|ARM.Build.0 = Debug|Any CPU
		{136F2781-E02D-4FA9-825D-B182CE04E4F4}.Debug|iPhone.ActiveCfg = Debug|Any CPU
		{136F2781-E02D-4FA9-825D-B182CE04E4F4}.Debug|iPhone.Build.0 = Debug|Any CPU
		{136F2781-E02D-4FA9-825D-B182CE04E4F4}.Debug|iPhoneSimulator.ActiveCfg = Debug|Any CPU
		{136F2781-E02D-4FA9-825D-B182CE04E4F4}.Debug|iPhoneSimulator.Build.0 = Debug|Any CPU
		{136F2781-E02D-4FA9-825D-B182CE04E4F4}.Debug|x64.ActiveCfg = Debug|Any CPU
		{136F2781-E02D-4FA9-825D-B182CE04E4F4}.Debug|x64.Build.0 = Debug|Any CPU
		{136F2781-E02D-4FA9-825D-B182CE04E4F4}.Debug|x86.ActiveCfg = Debug|Any CPU
		{136F2781-E02D-4FA9-825D-B182CE04E4F4}.Debug|x86.Build.0 = Debug|Any CPU
		{136F2781-E02D-4FA9-825D-B182CE04E4F4}.Release|Any CPU.ActiveCfg = Release|Any CPU
		{136F2781-E02D-4FA9-825D-B182CE04E4F4}.Release|Any CPU.Build.0 = Release|Any CPU
		{136F2781-E02D-4FA9-825D-B182CE04E4F4}.Release|ARM.ActiveCfg = Release|Any CPU
		{136F2781-E02D-4FA9-825D-B182CE04E4F4}.Release|ARM.Build.0 = Release|Any CPU
		{136F2781-E02D-4FA9-825D-B182CE04E4F4}.Release|iPhone.ActiveCfg = Release|Any CPU
		{136F2781-E02D-4FA9-825D-B182CE04E4F4}.Release|iPhone.Build.0 = Release|Any CPU
		{136F2781-E02D-4FA9-825D-B182CE04E4F4}.Release|iPhoneSimulator.ActiveCfg = Release|Any CPU
		{136F2781-E02D-4FA9-825D-B182CE04E4F4}.Release|iPhoneSimulator.Build.0 = Release|Any CPU
		{136F2781-E02D-4FA9-825D-B182CE04E4F4}.Release|x64.ActiveCfg = Release|Any CPU
		{136F2781-E02D-4FA9-825D-B182CE04E4F4}.Release|x64.Build.0 = Release|Any CPU
		{136F2781-E02D-4FA9-825D-B182CE04E4F4}.Release|x86.ActiveCfg = Release|Any CPU
		{136F2781-E02D-4FA9-825D-B182CE04E4F4}.Release|x86.Build.0 = Release|Any CPU
		{B60C8736-889D-41AD-9D51-2E357835F8C9}.Debug|Any CPU.ActiveCfg = Debug|Any CPU
		{B60C8736-889D-41AD-9D51-2E357835F8C9}.Debug|Any CPU.Build.0 = Debug|Any CPU
		{B60C8736-889D-41AD-9D51-2E357835F8C9}.Debug|ARM.ActiveCfg = Debug|Any CPU
		{B60C8736-889D-41AD-9D51-2E357835F8C9}.Debug|ARM.Build.0 = Debug|Any CPU
		{B60C8736-889D-41AD-9D51-2E357835F8C9}.Debug|iPhone.ActiveCfg = Debug|Any CPU
		{B60C8736-889D-41AD-9D51-2E357835F8C9}.Debug|iPhone.Build.0 = Debug|Any CPU
		{B60C8736-889D-41AD-9D51-2E357835F8C9}.Debug|iPhoneSimulator.ActiveCfg = Debug|Any CPU
		{B60C8736-889D-41AD-9D51-2E357835F8C9}.Debug|iPhoneSimulator.Build.0 = Debug|Any CPU
		{B60C8736-889D-41AD-9D51-2E357835F8C9}.Debug|x64.ActiveCfg = Debug|Any CPU
		{B60C8736-889D-41AD-9D51-2E357835F8C9}.Debug|x64.Build.0 = Debug|Any CPU
		{B60C8736-889D-41AD-9D51-2E357835F8C9}.Debug|x86.ActiveCfg = Debug|Any CPU
		{B60C8736-889D-41AD-9D51-2E357835F8C9}.Debug|x86.Build.0 = Debug|Any CPU
		{B60C8736-889D-41AD-9D51-2E357835F8C9}.Release|Any CPU.ActiveCfg = Release|Any CPU
		{B60C8736-889D-41AD-9D51-2E357835F8C9}.Release|Any CPU.Build.0 = Release|Any CPU
		{B60C8736-889D-41AD-9D51-2E357835F8C9}.Release|ARM.ActiveCfg = Release|Any CPU
		{B60C8736-889D-41AD-9D51-2E357835F8C9}.Release|ARM.Build.0 = Release|Any CPU
		{B60C8736-889D-41AD-9D51-2E357835F8C9}.Release|iPhone.ActiveCfg = Release|Any CPU
		{B60C8736-889D-41AD-9D51-2E357835F8C9}.Release|iPhone.Build.0 = Release|Any CPU
		{B60C8736-889D-41AD-9D51-2E357835F8C9}.Release|iPhoneSimulator.ActiveCfg = Release|Any CPU
		{B60C8736-889D-41AD-9D51-2E357835F8C9}.Release|iPhoneSimulator.Build.0 = Release|Any CPU
		{B60C8736-889D-41AD-9D51-2E357835F8C9}.Release|x64.ActiveCfg = Release|Any CPU
		{B60C8736-889D-41AD-9D51-2E357835F8C9}.Release|x64.Build.0 = Release|Any CPU
		{B60C8736-889D-41AD-9D51-2E357835F8C9}.Release|x86.ActiveCfg = Release|Any CPU
		{B60C8736-889D-41AD-9D51-2E357835F8C9}.Release|x86.Build.0 = Release|Any CPU
		{1CBF3876-CD7B-4F9D-B43F-D1E5F1B783DE}.Debug|Any CPU.ActiveCfg = Debug|Any CPU
		{1CBF3876-CD7B-4F9D-B43F-D1E5F1B783DE}.Debug|Any CPU.Build.0 = Debug|Any CPU
		{1CBF3876-CD7B-4F9D-B43F-D1E5F1B783DE}.Debug|ARM.ActiveCfg = Debug|Any CPU
		{1CBF3876-CD7B-4F9D-B43F-D1E5F1B783DE}.Debug|ARM.Build.0 = Debug|Any CPU
		{1CBF3876-CD7B-4F9D-B43F-D1E5F1B783DE}.Debug|iPhone.ActiveCfg = Debug|Any CPU
		{1CBF3876-CD7B-4F9D-B43F-D1E5F1B783DE}.Debug|iPhone.Build.0 = Debug|Any CPU
		{1CBF3876-CD7B-4F9D-B43F-D1E5F1B783DE}.Debug|iPhoneSimulator.ActiveCfg = Debug|Any CPU
		{1CBF3876-CD7B-4F9D-B43F-D1E5F1B783DE}.Debug|iPhoneSimulator.Build.0 = Debug|Any CPU
		{1CBF3876-CD7B-4F9D-B43F-D1E5F1B783DE}.Debug|x64.ActiveCfg = Debug|Any CPU
		{1CBF3876-CD7B-4F9D-B43F-D1E5F1B783DE}.Debug|x64.Build.0 = Debug|Any CPU
		{1CBF3876-CD7B-4F9D-B43F-D1E5F1B783DE}.Debug|x86.ActiveCfg = Debug|Any CPU
		{1CBF3876-CD7B-4F9D-B43F-D1E5F1B783DE}.Debug|x86.Build.0 = Debug|Any CPU
		{1CBF3876-CD7B-4F9D-B43F-D1E5F1B783DE}.Release|Any CPU.ActiveCfg = Release|Any CPU
		{1CBF3876-CD7B-4F9D-B43F-D1E5F1B783DE}.Release|Any CPU.Build.0 = Release|Any CPU
		{1CBF3876-CD7B-4F9D-B43F-D1E5F1B783DE}.Release|ARM.ActiveCfg = Release|Any CPU
		{1CBF3876-CD7B-4F9D-B43F-D1E5F1B783DE}.Release|ARM.Build.0 = Release|Any CPU
		{1CBF3876-CD7B-4F9D-B43F-D1E5F1B783DE}.Release|iPhone.ActiveCfg = Release|Any CPU
		{1CBF3876-CD7B-4F9D-B43F-D1E5F1B783DE}.Release|iPhone.Build.0 = Release|Any CPU
		{1CBF3876-CD7B-4F9D-B43F-D1E5F1B783DE}.Release|iPhoneSimulator.ActiveCfg = Release|Any CPU
		{1CBF3876-CD7B-4F9D-B43F-D1E5F1B783DE}.Release|iPhoneSimulator.Build.0 = Release|Any CPU
		{1CBF3876-CD7B-4F9D-B43F-D1E5F1B783DE}.Release|x64.ActiveCfg = Release|Any CPU
		{1CBF3876-CD7B-4F9D-B43F-D1E5F1B783DE}.Release|x64.Build.0 = Release|Any CPU
		{1CBF3876-CD7B-4F9D-B43F-D1E5F1B783DE}.Release|x86.ActiveCfg = Release|Any CPU
		{1CBF3876-CD7B-4F9D-B43F-D1E5F1B783DE}.Release|x86.Build.0 = Release|Any CPU
		{C675D0E0-A7F1-48F9-B8F3-755357188664}.Debug|Any CPU.ActiveCfg = Debug|Any CPU
		{C675D0E0-A7F1-48F9-B8F3-755357188664}.Debug|Any CPU.Build.0 = Debug|Any CPU
		{C675D0E0-A7F1-48F9-B8F3-755357188664}.Debug|ARM.ActiveCfg = Debug|Any CPU
		{C675D0E0-A7F1-48F9-B8F3-755357188664}.Debug|ARM.Build.0 = Debug|Any CPU
		{C675D0E0-A7F1-48F9-B8F3-755357188664}.Debug|iPhone.ActiveCfg = Debug|Any CPU
		{C675D0E0-A7F1-48F9-B8F3-755357188664}.Debug|iPhone.Build.0 = Debug|Any CPU
		{C675D0E0-A7F1-48F9-B8F3-755357188664}.Debug|iPhoneSimulator.ActiveCfg = Debug|Any CPU
		{C675D0E0-A7F1-48F9-B8F3-755357188664}.Debug|iPhoneSimulator.Build.0 = Debug|Any CPU
		{C675D0E0-A7F1-48F9-B8F3-755357188664}.Debug|x64.ActiveCfg = Debug|Any CPU
		{C675D0E0-A7F1-48F9-B8F3-755357188664}.Debug|x64.Build.0 = Debug|Any CPU
		{C675D0E0-A7F1-48F9-B8F3-755357188664}.Debug|x86.ActiveCfg = Debug|Any CPU
		{C675D0E0-A7F1-48F9-B8F3-755357188664}.Debug|x86.Build.0 = Debug|Any CPU
		{C675D0E0-A7F1-48F9-B8F3-755357188664}.Release|Any CPU.ActiveCfg = Release|Any CPU
		{C675D0E0-A7F1-48F9-B8F3-755357188664}.Release|Any CPU.Build.0 = Release|Any CPU
		{C675D0E0-A7F1-48F9-B8F3-755357188664}.Release|ARM.ActiveCfg = Release|Any CPU
		{C675D0E0-A7F1-48F9-B8F3-755357188664}.Release|ARM.Build.0 = Release|Any CPU
		{C675D0E0-A7F1-48F9-B8F3-755357188664}.Release|iPhone.ActiveCfg = Release|Any CPU
		{C675D0E0-A7F1-48F9-B8F3-755357188664}.Release|iPhone.Build.0 = Release|Any CPU
		{C675D0E0-A7F1-48F9-B8F3-755357188664}.Release|iPhoneSimulator.ActiveCfg = Release|Any CPU
		{C675D0E0-A7F1-48F9-B8F3-755357188664}.Release|iPhoneSimulator.Build.0 = Release|Any CPU
		{C675D0E0-A7F1-48F9-B8F3-755357188664}.Release|x64.ActiveCfg = Release|Any CPU
		{C675D0E0-A7F1-48F9-B8F3-755357188664}.Release|x64.Build.0 = Release|Any CPU
		{C675D0E0-A7F1-48F9-B8F3-755357188664}.Release|x86.ActiveCfg = Release|Any CPU
		{C675D0E0-A7F1-48F9-B8F3-755357188664}.Release|x86.Build.0 = Release|Any CPU
		{1D3F7AB9-DD9F-402B-8566-2474C1C74E1E}.Debug|Any CPU.ActiveCfg = Debug|Any CPU
		{1D3F7AB9-DD9F-402B-8566-2474C1C74E1E}.Debug|Any CPU.Build.0 = Debug|Any CPU
		{1D3F7AB9-DD9F-402B-8566-2474C1C74E1E}.Debug|ARM.ActiveCfg = Debug|Any CPU
		{1D3F7AB9-DD9F-402B-8566-2474C1C74E1E}.Debug|ARM.Build.0 = Debug|Any CPU
		{1D3F7AB9-DD9F-402B-8566-2474C1C74E1E}.Debug|iPhone.ActiveCfg = Debug|Any CPU
		{1D3F7AB9-DD9F-402B-8566-2474C1C74E1E}.Debug|iPhone.Build.0 = Debug|Any CPU
		{1D3F7AB9-DD9F-402B-8566-2474C1C74E1E}.Debug|iPhoneSimulator.ActiveCfg = Debug|Any CPU
		{1D3F7AB9-DD9F-402B-8566-2474C1C74E1E}.Debug|iPhoneSimulator.Build.0 = Debug|Any CPU
		{1D3F7AB9-DD9F-402B-8566-2474C1C74E1E}.Debug|x64.ActiveCfg = Debug|Any CPU
		{1D3F7AB9-DD9F-402B-8566-2474C1C74E1E}.Debug|x64.Build.0 = Debug|Any CPU
		{1D3F7AB9-DD9F-402B-8566-2474C1C74E1E}.Debug|x86.ActiveCfg = Debug|Any CPU
		{1D3F7AB9-DD9F-402B-8566-2474C1C74E1E}.Debug|x86.Build.0 = Debug|Any CPU
		{1D3F7AB9-DD9F-402B-8566-2474C1C74E1E}.Release|Any CPU.ActiveCfg = Release|Any CPU
		{1D3F7AB9-DD9F-402B-8566-2474C1C74E1E}.Release|Any CPU.Build.0 = Release|Any CPU
		{1D3F7AB9-DD9F-402B-8566-2474C1C74E1E}.Release|ARM.ActiveCfg = Release|Any CPU
		{1D3F7AB9-DD9F-402B-8566-2474C1C74E1E}.Release|ARM.Build.0 = Release|Any CPU
		{1D3F7AB9-DD9F-402B-8566-2474C1C74E1E}.Release|iPhone.ActiveCfg = Release|Any CPU
		{1D3F7AB9-DD9F-402B-8566-2474C1C74E1E}.Release|iPhone.Build.0 = Release|Any CPU
		{1D3F7AB9-DD9F-402B-8566-2474C1C74E1E}.Release|iPhoneSimulator.ActiveCfg = Release|Any CPU
		{1D3F7AB9-DD9F-402B-8566-2474C1C74E1E}.Release|iPhoneSimulator.Build.0 = Release|Any CPU
		{1D3F7AB9-DD9F-402B-8566-2474C1C74E1E}.Release|x64.ActiveCfg = Release|Any CPU
		{1D3F7AB9-DD9F-402B-8566-2474C1C74E1E}.Release|x64.Build.0 = Release|Any CPU
		{1D3F7AB9-DD9F-402B-8566-2474C1C74E1E}.Release|x86.ActiveCfg = Release|Any CPU
		{1D3F7AB9-DD9F-402B-8566-2474C1C74E1E}.Release|x86.Build.0 = Release|Any CPU
		{0F40ADB7-3C07-4B8A-97FF-01E5860BC66E}.Debug|Any CPU.ActiveCfg = Debug|Any CPU
		{0F40ADB7-3C07-4B8A-97FF-01E5860BC66E}.Debug|Any CPU.Build.0 = Debug|Any CPU
		{0F40ADB7-3C07-4B8A-97FF-01E5860BC66E}.Debug|ARM.ActiveCfg = Debug|Any CPU
		{0F40ADB7-3C07-4B8A-97FF-01E5860BC66E}.Debug|ARM.Build.0 = Debug|Any CPU
		{0F40ADB7-3C07-4B8A-97FF-01E5860BC66E}.Debug|iPhone.ActiveCfg = Debug|Any CPU
		{0F40ADB7-3C07-4B8A-97FF-01E5860BC66E}.Debug|iPhone.Build.0 = Debug|Any CPU
		{0F40ADB7-3C07-4B8A-97FF-01E5860BC66E}.Debug|iPhoneSimulator.ActiveCfg = Debug|Any CPU
		{0F40ADB7-3C07-4B8A-97FF-01E5860BC66E}.Debug|iPhoneSimulator.Build.0 = Debug|Any CPU
		{0F40ADB7-3C07-4B8A-97FF-01E5860BC66E}.Debug|x64.ActiveCfg = Debug|Any CPU
		{0F40ADB7-3C07-4B8A-97FF-01E5860BC66E}.Debug|x64.Build.0 = Debug|Any CPU
		{0F40ADB7-3C07-4B8A-97FF-01E5860BC66E}.Debug|x86.ActiveCfg = Debug|Any CPU
		{0F40ADB7-3C07-4B8A-97FF-01E5860BC66E}.Debug|x86.Build.0 = Debug|Any CPU
		{0F40ADB7-3C07-4B8A-97FF-01E5860BC66E}.Release|Any CPU.ActiveCfg = Release|Any CPU
		{0F40ADB7-3C07-4B8A-97FF-01E5860BC66E}.Release|Any CPU.Build.0 = Release|Any CPU
		{0F40ADB7-3C07-4B8A-97FF-01E5860BC66E}.Release|ARM.ActiveCfg = Release|Any CPU
		{0F40ADB7-3C07-4B8A-97FF-01E5860BC66E}.Release|ARM.Build.0 = Release|Any CPU
		{0F40ADB7-3C07-4B8A-97FF-01E5860BC66E}.Release|iPhone.ActiveCfg = Release|Any CPU
		{0F40ADB7-3C07-4B8A-97FF-01E5860BC66E}.Release|iPhone.Build.0 = Release|Any CPU
		{0F40ADB7-3C07-4B8A-97FF-01E5860BC66E}.Release|iPhoneSimulator.ActiveCfg = Release|Any CPU
		{0F40ADB7-3C07-4B8A-97FF-01E5860BC66E}.Release|iPhoneSimulator.Build.0 = Release|Any CPU
		{0F40ADB7-3C07-4B8A-97FF-01E5860BC66E}.Release|x64.ActiveCfg = Release|Any CPU
		{0F40ADB7-3C07-4B8A-97FF-01E5860BC66E}.Release|x64.Build.0 = Release|Any CPU
		{0F40ADB7-3C07-4B8A-97FF-01E5860BC66E}.Release|x86.ActiveCfg = Release|Any CPU
		{0F40ADB7-3C07-4B8A-97FF-01E5860BC66E}.Release|x86.Build.0 = Release|Any CPU
		{0E021AD7-68C3-485A-B2FC-2DD6067B89C5}.Debug|Any CPU.ActiveCfg = Debug|Any CPU
		{0E021AD7-68C3-485A-B2FC-2DD6067B89C5}.Debug|Any CPU.Build.0 = Debug|Any CPU
		{0E021AD7-68C3-485A-B2FC-2DD6067B89C5}.Debug|ARM.ActiveCfg = Debug|Any CPU
		{0E021AD7-68C3-485A-B2FC-2DD6067B89C5}.Debug|ARM.Build.0 = Debug|Any CPU
		{0E021AD7-68C3-485A-B2FC-2DD6067B89C5}.Debug|iPhone.ActiveCfg = Debug|Any CPU
		{0E021AD7-68C3-485A-B2FC-2DD6067B89C5}.Debug|iPhone.Build.0 = Debug|Any CPU
		{0E021AD7-68C3-485A-B2FC-2DD6067B89C5}.Debug|iPhoneSimulator.ActiveCfg = Debug|Any CPU
		{0E021AD7-68C3-485A-B2FC-2DD6067B89C5}.Debug|iPhoneSimulator.Build.0 = Debug|Any CPU
		{0E021AD7-68C3-485A-B2FC-2DD6067B89C5}.Debug|x64.ActiveCfg = Debug|Any CPU
		{0E021AD7-68C3-485A-B2FC-2DD6067B89C5}.Debug|x64.Build.0 = Debug|Any CPU
		{0E021AD7-68C3-485A-B2FC-2DD6067B89C5}.Debug|x86.ActiveCfg = Debug|Any CPU
		{0E021AD7-68C3-485A-B2FC-2DD6067B89C5}.Debug|x86.Build.0 = Debug|Any CPU
		{0E021AD7-68C3-485A-B2FC-2DD6067B89C5}.Release|Any CPU.ActiveCfg = Release|Any CPU
		{0E021AD7-68C3-485A-B2FC-2DD6067B89C5}.Release|Any CPU.Build.0 = Release|Any CPU
		{0E021AD7-68C3-485A-B2FC-2DD6067B89C5}.Release|ARM.ActiveCfg = Release|Any CPU
		{0E021AD7-68C3-485A-B2FC-2DD6067B89C5}.Release|ARM.Build.0 = Release|Any CPU
		{0E021AD7-68C3-485A-B2FC-2DD6067B89C5}.Release|iPhone.ActiveCfg = Release|Any CPU
		{0E021AD7-68C3-485A-B2FC-2DD6067B89C5}.Release|iPhone.Build.0 = Release|Any CPU
		{0E021AD7-68C3-485A-B2FC-2DD6067B89C5}.Release|iPhoneSimulator.ActiveCfg = Release|Any CPU
		{0E021AD7-68C3-485A-B2FC-2DD6067B89C5}.Release|iPhoneSimulator.Build.0 = Release|Any CPU
		{0E021AD7-68C3-485A-B2FC-2DD6067B89C5}.Release|x64.ActiveCfg = Release|Any CPU
		{0E021AD7-68C3-485A-B2FC-2DD6067B89C5}.Release|x64.Build.0 = Release|Any CPU
		{0E021AD7-68C3-485A-B2FC-2DD6067B89C5}.Release|x86.ActiveCfg = Release|Any CPU
		{0E021AD7-68C3-485A-B2FC-2DD6067B89C5}.Release|x86.Build.0 = Release|Any CPU
		{4D716C3E-E3B6-4B85-817D-1C55566B794C}.Debug|Any CPU.ActiveCfg = Debug|Any CPU
		{4D716C3E-E3B6-4B85-817D-1C55566B794C}.Debug|Any CPU.Build.0 = Debug|Any CPU
		{4D716C3E-E3B6-4B85-817D-1C55566B794C}.Debug|Any CPU.Deploy.0 = Debug|Any CPU
		{4D716C3E-E3B6-4B85-817D-1C55566B794C}.Debug|ARM.ActiveCfg = Debug|Any CPU
		{4D716C3E-E3B6-4B85-817D-1C55566B794C}.Debug|ARM.Build.0 = Debug|Any CPU
		{4D716C3E-E3B6-4B85-817D-1C55566B794C}.Debug|ARM.Deploy.0 = Debug|Any CPU
		{4D716C3E-E3B6-4B85-817D-1C55566B794C}.Debug|iPhone.ActiveCfg = Debug|Any CPU
		{4D716C3E-E3B6-4B85-817D-1C55566B794C}.Debug|iPhone.Build.0 = Debug|Any CPU
		{4D716C3E-E3B6-4B85-817D-1C55566B794C}.Debug|iPhone.Deploy.0 = Debug|Any CPU
		{4D716C3E-E3B6-4B85-817D-1C55566B794C}.Debug|iPhoneSimulator.ActiveCfg = Debug|Any CPU
		{4D716C3E-E3B6-4B85-817D-1C55566B794C}.Debug|iPhoneSimulator.Build.0 = Debug|Any CPU
		{4D716C3E-E3B6-4B85-817D-1C55566B794C}.Debug|iPhoneSimulator.Deploy.0 = Debug|Any CPU
		{4D716C3E-E3B6-4B85-817D-1C55566B794C}.Debug|x64.ActiveCfg = Debug|Any CPU
		{4D716C3E-E3B6-4B85-817D-1C55566B794C}.Debug|x64.Build.0 = Debug|Any CPU
		{4D716C3E-E3B6-4B85-817D-1C55566B794C}.Debug|x64.Deploy.0 = Debug|Any CPU
		{4D716C3E-E3B6-4B85-817D-1C55566B794C}.Debug|x86.ActiveCfg = Debug|Any CPU
		{4D716C3E-E3B6-4B85-817D-1C55566B794C}.Debug|x86.Build.0 = Debug|Any CPU
		{4D716C3E-E3B6-4B85-817D-1C55566B794C}.Debug|x86.Deploy.0 = Debug|Any CPU
		{4D716C3E-E3B6-4B85-817D-1C55566B794C}.Release|Any CPU.ActiveCfg = Release|Any CPU
		{4D716C3E-E3B6-4B85-817D-1C55566B794C}.Release|Any CPU.Build.0 = Release|Any CPU
		{4D716C3E-E3B6-4B85-817D-1C55566B794C}.Release|Any CPU.Deploy.0 = Release|Any CPU
		{4D716C3E-E3B6-4B85-817D-1C55566B794C}.Release|ARM.ActiveCfg = Release|Any CPU
		{4D716C3E-E3B6-4B85-817D-1C55566B794C}.Release|ARM.Build.0 = Release|Any CPU
		{4D716C3E-E3B6-4B85-817D-1C55566B794C}.Release|ARM.Deploy.0 = Release|Any CPU
		{4D716C3E-E3B6-4B85-817D-1C55566B794C}.Release|iPhone.ActiveCfg = Release|Any CPU
		{4D716C3E-E3B6-4B85-817D-1C55566B794C}.Release|iPhone.Build.0 = Release|Any CPU
		{4D716C3E-E3B6-4B85-817D-1C55566B794C}.Release|iPhone.Deploy.0 = Release|Any CPU
		{4D716C3E-E3B6-4B85-817D-1C55566B794C}.Release|iPhoneSimulator.ActiveCfg = Release|Any CPU
		{4D716C3E-E3B6-4B85-817D-1C55566B794C}.Release|iPhoneSimulator.Build.0 = Release|Any CPU
		{4D716C3E-E3B6-4B85-817D-1C55566B794C}.Release|iPhoneSimulator.Deploy.0 = Release|Any CPU
		{4D716C3E-E3B6-4B85-817D-1C55566B794C}.Release|x64.ActiveCfg = Release|Any CPU
		{4D716C3E-E3B6-4B85-817D-1C55566B794C}.Release|x64.Build.0 = Release|Any CPU
		{4D716C3E-E3B6-4B85-817D-1C55566B794C}.Release|x64.Deploy.0 = Release|Any CPU
		{4D716C3E-E3B6-4B85-817D-1C55566B794C}.Release|x86.ActiveCfg = Release|Any CPU
		{4D716C3E-E3B6-4B85-817D-1C55566B794C}.Release|x86.Build.0 = Release|Any CPU
		{4D716C3E-E3B6-4B85-817D-1C55566B794C}.Release|x86.Deploy.0 = Release|Any CPU
		{01E32407-D7C2-4D68-9249-3DB403182208}.Debug|Any CPU.ActiveCfg = Debug|iPhoneSimulator
		{01E32407-D7C2-4D68-9249-3DB403182208}.Debug|Any CPU.Build.0 = Debug|iPhoneSimulator
		{01E32407-D7C2-4D68-9249-3DB403182208}.Debug|ARM.ActiveCfg = Debug|iPhoneSimulator
		{01E32407-D7C2-4D68-9249-3DB403182208}.Debug|ARM.Build.0 = Debug|iPhoneSimulator
		{01E32407-D7C2-4D68-9249-3DB403182208}.Debug|iPhone.ActiveCfg = Debug|iPhone
		{01E32407-D7C2-4D68-9249-3DB403182208}.Debug|iPhone.Build.0 = Debug|iPhone
		{01E32407-D7C2-4D68-9249-3DB403182208}.Debug|iPhoneSimulator.ActiveCfg = Debug|iPhoneSimulator
		{01E32407-D7C2-4D68-9249-3DB403182208}.Debug|iPhoneSimulator.Build.0 = Debug|iPhoneSimulator
		{01E32407-D7C2-4D68-9249-3DB403182208}.Debug|x64.ActiveCfg = Debug|iPhoneSimulator
		{01E32407-D7C2-4D68-9249-3DB403182208}.Debug|x64.Build.0 = Debug|iPhoneSimulator
		{01E32407-D7C2-4D68-9249-3DB403182208}.Debug|x86.ActiveCfg = Debug|iPhoneSimulator
		{01E32407-D7C2-4D68-9249-3DB403182208}.Debug|x86.Build.0 = Debug|iPhoneSimulator
		{01E32407-D7C2-4D68-9249-3DB403182208}.Release|Any CPU.ActiveCfg = Release|iPhoneSimulator
		{01E32407-D7C2-4D68-9249-3DB403182208}.Release|Any CPU.Build.0 = Release|iPhoneSimulator
		{01E32407-D7C2-4D68-9249-3DB403182208}.Release|ARM.ActiveCfg = Release|iPhoneSimulator
		{01E32407-D7C2-4D68-9249-3DB403182208}.Release|ARM.Build.0 = Release|iPhoneSimulator
		{01E32407-D7C2-4D68-9249-3DB403182208}.Release|iPhone.ActiveCfg = Release|iPhone
		{01E32407-D7C2-4D68-9249-3DB403182208}.Release|iPhone.Build.0 = Release|iPhone
		{01E32407-D7C2-4D68-9249-3DB403182208}.Release|iPhoneSimulator.ActiveCfg = Release|iPhoneSimulator
		{01E32407-D7C2-4D68-9249-3DB403182208}.Release|iPhoneSimulator.Build.0 = Release|iPhoneSimulator
		{01E32407-D7C2-4D68-9249-3DB403182208}.Release|x64.ActiveCfg = Release|iPhoneSimulator
		{01E32407-D7C2-4D68-9249-3DB403182208}.Release|x64.Build.0 = Release|iPhoneSimulator
		{01E32407-D7C2-4D68-9249-3DB403182208}.Release|x86.ActiveCfg = Release|iPhoneSimulator
		{01E32407-D7C2-4D68-9249-3DB403182208}.Release|x86.Build.0 = Release|iPhoneSimulator
		{146FF235-4CA3-4712-BBE3-87B2203E2DB8}.Debug|Any CPU.ActiveCfg = Debug|Any CPU
		{146FF235-4CA3-4712-BBE3-87B2203E2DB8}.Debug|Any CPU.Build.0 = Debug|Any CPU
		{146FF235-4CA3-4712-BBE3-87B2203E2DB8}.Debug|ARM.ActiveCfg = Debug|Any CPU
		{146FF235-4CA3-4712-BBE3-87B2203E2DB8}.Debug|ARM.Build.0 = Debug|Any CPU
		{146FF235-4CA3-4712-BBE3-87B2203E2DB8}.Debug|iPhone.ActiveCfg = Debug|Any CPU
		{146FF235-4CA3-4712-BBE3-87B2203E2DB8}.Debug|iPhone.Build.0 = Debug|Any CPU
		{146FF235-4CA3-4712-BBE3-87B2203E2DB8}.Debug|iPhoneSimulator.ActiveCfg = Debug|Any CPU
		{146FF235-4CA3-4712-BBE3-87B2203E2DB8}.Debug|iPhoneSimulator.Build.0 = Debug|Any CPU
		{146FF235-4CA3-4712-BBE3-87B2203E2DB8}.Debug|x64.ActiveCfg = Debug|Any CPU
		{146FF235-4CA3-4712-BBE3-87B2203E2DB8}.Debug|x64.Build.0 = Debug|Any CPU
		{146FF235-4CA3-4712-BBE3-87B2203E2DB8}.Debug|x86.ActiveCfg = Debug|Any CPU
		{146FF235-4CA3-4712-BBE3-87B2203E2DB8}.Debug|x86.Build.0 = Debug|Any CPU
		{146FF235-4CA3-4712-BBE3-87B2203E2DB8}.Release|Any CPU.ActiveCfg = Release|Any CPU
		{146FF235-4CA3-4712-BBE3-87B2203E2DB8}.Release|Any CPU.Build.0 = Release|Any CPU
		{146FF235-4CA3-4712-BBE3-87B2203E2DB8}.Release|ARM.ActiveCfg = Release|Any CPU
		{146FF235-4CA3-4712-BBE3-87B2203E2DB8}.Release|ARM.Build.0 = Release|Any CPU
		{146FF235-4CA3-4712-BBE3-87B2203E2DB8}.Release|iPhone.ActiveCfg = Release|Any CPU
		{146FF235-4CA3-4712-BBE3-87B2203E2DB8}.Release|iPhone.Build.0 = Release|Any CPU
		{146FF235-4CA3-4712-BBE3-87B2203E2DB8}.Release|iPhoneSimulator.ActiveCfg = Release|Any CPU
		{146FF235-4CA3-4712-BBE3-87B2203E2DB8}.Release|iPhoneSimulator.Build.0 = Release|Any CPU
		{146FF235-4CA3-4712-BBE3-87B2203E2DB8}.Release|x64.ActiveCfg = Release|Any CPU
		{146FF235-4CA3-4712-BBE3-87B2203E2DB8}.Release|x64.Build.0 = Release|Any CPU
		{146FF235-4CA3-4712-BBE3-87B2203E2DB8}.Release|x86.ActiveCfg = Release|Any CPU
		{146FF235-4CA3-4712-BBE3-87B2203E2DB8}.Release|x86.Build.0 = Release|Any CPU
		{1585E7D9-5855-4BEB-9A6E-FA3C09780341}.Debug|Any CPU.ActiveCfg = Debug|Any CPU
		{1585E7D9-5855-4BEB-9A6E-FA3C09780341}.Debug|Any CPU.Build.0 = Debug|Any CPU
		{1585E7D9-5855-4BEB-9A6E-FA3C09780341}.Debug|ARM.ActiveCfg = Debug|Any CPU
		{1585E7D9-5855-4BEB-9A6E-FA3C09780341}.Debug|ARM.Build.0 = Debug|Any CPU
		{1585E7D9-5855-4BEB-9A6E-FA3C09780341}.Debug|iPhone.ActiveCfg = Debug|Any CPU
		{1585E7D9-5855-4BEB-9A6E-FA3C09780341}.Debug|iPhone.Build.0 = Debug|Any CPU
		{1585E7D9-5855-4BEB-9A6E-FA3C09780341}.Debug|iPhoneSimulator.ActiveCfg = Debug|Any CPU
		{1585E7D9-5855-4BEB-9A6E-FA3C09780341}.Debug|iPhoneSimulator.Build.0 = Debug|Any CPU
		{1585E7D9-5855-4BEB-9A6E-FA3C09780341}.Debug|x64.ActiveCfg = Debug|Any CPU
		{1585E7D9-5855-4BEB-9A6E-FA3C09780341}.Debug|x64.Build.0 = Debug|Any CPU
		{1585E7D9-5855-4BEB-9A6E-FA3C09780341}.Debug|x86.ActiveCfg = Debug|Any CPU
		{1585E7D9-5855-4BEB-9A6E-FA3C09780341}.Debug|x86.Build.0 = Debug|Any CPU
		{1585E7D9-5855-4BEB-9A6E-FA3C09780341}.Release|Any CPU.ActiveCfg = Release|Any CPU
		{1585E7D9-5855-4BEB-9A6E-FA3C09780341}.Release|Any CPU.Build.0 = Release|Any CPU
		{1585E7D9-5855-4BEB-9A6E-FA3C09780341}.Release|ARM.ActiveCfg = Release|Any CPU
		{1585E7D9-5855-4BEB-9A6E-FA3C09780341}.Release|ARM.Build.0 = Release|Any CPU
		{1585E7D9-5855-4BEB-9A6E-FA3C09780341}.Release|iPhone.ActiveCfg = Release|Any CPU
		{1585E7D9-5855-4BEB-9A6E-FA3C09780341}.Release|iPhone.Build.0 = Release|Any CPU
		{1585E7D9-5855-4BEB-9A6E-FA3C09780341}.Release|iPhoneSimulator.ActiveCfg = Release|Any CPU
		{1585E7D9-5855-4BEB-9A6E-FA3C09780341}.Release|iPhoneSimulator.Build.0 = Release|Any CPU
		{1585E7D9-5855-4BEB-9A6E-FA3C09780341}.Release|x64.ActiveCfg = Release|Any CPU
		{1585E7D9-5855-4BEB-9A6E-FA3C09780341}.Release|x64.Build.0 = Release|Any CPU
		{1585E7D9-5855-4BEB-9A6E-FA3C09780341}.Release|x86.ActiveCfg = Release|Any CPU
		{1585E7D9-5855-4BEB-9A6E-FA3C09780341}.Release|x86.Build.0 = Release|Any CPU
	EndGlobalSection
	GlobalSection(SolutionProperties) = preSolution
		HideSolutionNode = FALSE
	EndGlobalSection
	GlobalSection(ExtensibilityGlobals) = postSolution
		SolutionGuid = {C1717CBC-087C-4BA5-9A44-1AA595A68F74}
	EndGlobalSection
EndGlobal
